# THIS IS AN AUTOGENERATED FILE. DO NOT EDIT THIS FILE DIRECTLY.
# yarn lockfile v1


paho-mqtt@^1.1.0:
  version "1.1.0"
  resolved "https://registry.yarnpkg.com/paho-mqtt/-/paho-mqtt-1.1.0.tgz#8c10e29eb162e966fb15188d965c3dce505de9d9"
  integrity sha512-KPbL9KAB0ASvhSDbOrZBaccXS+/s7/LIofbPyERww8hM5Ko71GUJQ6Nmg0BWqj8phAIT8zdf/Sd/RftHU9i2HA==
